{
    "acf-options-page": {
        "repository": "git@git.dxw.net:wordpress-plugins/acf-options-page",
        "revision": "master",
        "commit": "34ea02cb73960e3f52dcceea23e039cc82efe5ab"
    },
    "acf-repeater": {
        "repository": "git@git.dxw.net:wordpress-plugins/acf-repeater",
        "revision": "master",
        "commit": "4e3bc8818b85cbcdafd8a412a0dcb8a844b255a7"
    },
    "advanced-custom-fields": {
        "repository": "git@git.dxw.net:wordpress-plugins/advanced-custom-fields",
        "revision": "master",
        "commit": "3b074ca7d68f490c30c1bdb912a9ac03e4747272"
    },
    "akismet": {
        "repository": "git@git.dxw.net:wordpress-plugins/akismet",
        "revision": "master",
        "commit": "f7688f945362f33b0da728722bd6807c29e2cfce"
    },
    "co-authors-plus": {
        "repository": "git@git.dxw.net:wordpress-plugins/co-authors-plus",
        "revision": "master",
        "commit": "705c73f6679e5dd1f521b747c5cf0493915a3dbc"
    },
    "new-members-only": {
        "repository": "git@git.dxw.net:wordpress-plugins/new-members-only",
        "revision": "master",
        "commit": "d241db6e1abc9e0a8330a7b5bdd48c402aa674bc"
    },
    "page-excerpt": {
        "repository": "git@git.dxw.net:wordpress-plugins/page-excerpt",
        "revision": "master",
        "commit": "5e7aca2ae8a92ab43190a017c46543685d55b230"
    },
    "wp-to-twitter": {
        "repository": "git@git.dxw.net:wordpress-plugins/wp-to-twitter",
        "revision": "master",
        "commit": "95ccccfc16fcb1c7f5a1839766a6741d0c21e7c3"
    }
}