{
    "acf-options-page": {
        "repository": "git@git.dxw.net:wordpress-plugins/acf-options-page",
        "revision": "master",
        "commit": "34ea02cb73960e3f52dcceea23e039cc82efe5ab"
    },
    "acf-repeater": {
        "repository": "git@git.dxw.net:wordpress-plugins/acf-repeater",
        "revision": "master",
        "commit": "4e3bc8818b85cbcdafd8a412a0dcb8a844b255a7"
    },
    "advanced-custom-fields": {
        "repository": "git@git.dxw.net:wordpress-plugins/advanced-custom-fields",
        "revision": "master",
        "commit": "291ee4db9c1e410be13f7676e921b347d2c47454"
    },
    "akismet": {
        "repository": "git@git.dxw.net:wordpress-plugins/akismet",
        "revision": "master",
        "commit": "8b65721176bd33909b703e6b77c532103b758855"
    },
    "co-authors-plus": {
        "repository": "git@git.dxw.net:wordpress-plugins/co-authors-plus",
        "revision": "master",
        "commit": "705c73f6679e5dd1f521b747c5cf0493915a3dbc"
    },
    "new-members-only": {
        "repository": "git@git.dxw.net:wordpress-plugins/new-members-only",
        "revision": "master",
        "commit": "d241db6e1abc9e0a8330a7b5bdd48c402aa674bc"
    },
    "page-excerpt": {
        "repository": "git@git.dxw.net:wordpress-plugins/page-excerpt",
        "revision": "master",
        "commit": "5e7aca2ae8a92ab43190a017c46543685d55b230"
    },
    "wp-to-twitter": {
        "repository": "git@git.dxw.net:wordpress-plugins/wp-to-twitter",
        "revision": "master",
        "commit": "9f342adf792e3b02c03065895549b2d016fa3857"
    }
}