{
    "hash": "c6859e5ce39c18594018bed044c0a448b99647ca",
    "plugins": [
        {
            "name": "akismet",
            "src": "git@git.govpress.com:wordpress-plugins/akismet",
            "revision": "8cbd78f808264a0c7c1f0f677a836297fa302e5e"
        },
        {
            "name": "advanced-custom-fields-pro",
            "src": "git@git.govpress.com:wordpress-plugins/advanced-custom-fields-pro",
            "revision": "30f09fa8149ff80ebf393ae90fc168c4f722ee38"
        },
        {
            "name": "co-authors-plus",
            "src": "git@git.govpress.com:wordpress-plugins/co-authors-plus",
            "revision": "3f253887f3d99012cd6044f7a2daa6e295f3d3f1"
        },
        {
            "name": "new-members-only",
            "src": "git@git.govpress.com:wordpress-plugins/new-members-only",
            "revision": "b1541aee71f2b6856d48e8e4d60b7fe72956b6a5"
        },
        {
            "name": "wp-to-twitter",
            "src": "git@git.govpress.com:wordpress-plugins/wp-to-twitter",
            "revision": "f87f57350d0488ef775f255a762ac85dd27eda79"
        },
        {
            "name": "page-excerpt",
            "src": "git@git.govpress.com:wordpress-plugins/page-excerpt",
            "revision": "5e7aca2ae8a92ab43190a017c46543685d55b230"
        }
    ]
}