{
    "_readme": [
        "This file locks the dependencies of your project to a known state",
        "Read more about it at https://getcomposer.org/doc/01-basic-usage.md#composer-lock-the-lock-file",
        "This file is @generated automatically"
    ],
    "hash": "cdb8adef3359eae9a709d4601344af53",
    "content-hash": "072058620a426807171d9f8392865cec",
    "packages": [
        {
            "name": "dxw/php-missing",
            "version": "v1.0.0",
            "source": {
                "type": "git",
                "url": "https://github.com/dxw/php-missing.git",
                "reference": "544ce7df568f6296e3811454b0e1df79ceb498b7"
            },
            "dist": {
                "type": "zip",
                "url": "https://api.github.com/repos/dxw/php-missing/zipball/544ce7df568f6296e3811454b0e1df79ceb498b7",
                "reference": "544ce7df568f6296e3811454b0e1df79ceb498b7",
                "shasum": ""
            },
            "require-dev": {
                "phpunit/phpunit": "4.8.*"
            },
            "type": "library",
            "autoload": {
                "psr-4": {
                    "Missing\\": "src/"
                }
            },
            "notification-url": "https://packagist.org/downloads/",
            "license": [
                "MIT"
            ],
            "authors": [
                {
                    "name": "Tom Adams",
                    "email": "tom@dxw.com",
                    "homepage": "http://dxw.com"
                }
            ],
            "description": "The stdlib you wish PHP had",
            "homepage": "https://github.com/dxw/php-missing",
            "time": "2016-05-17 16:56:43"
        },
        {
            "name": "dxw/roots-composer",
            "version": "dev-master",
            "source": {
                "type": "git",
                "url": "https://github.com/dxw/roots-composer.git",
                "reference": "9e13934ab3d04e27ce1c06373d3e2b0d9f50ef18"
            },
            "dist": {
                "type": "zip",
                "url": "https://api.github.com/repos/dxw/roots-composer/zipball/9e13934ab3d04e27ce1c06373d3e2b0d9f50ef18",
                "reference": "9e13934ab3d04e27ce1c06373d3e2b0d9f50ef18",
                "shasum": ""
            },
            "type": "library",
            "autoload": {
                "files": [
                    "autoload.php"
                ]
            },
            "notification-url": "https://packagist.org/downloads/",
            "authors": [
                {
                    "name": "Tom Adams",
                    "email": "tom@dxw.com",
                    "homepage": "http://dxw.com"
                }
            ],
            "description": "Roots in a Composer module!",
            "homepage": "https://github.com/dxw/roots-composer",
            "time": "2013-08-23 13:56:20"
        }
    ],
    "packages-dev": [
        {
            "name": "dxw/phar-install",
            "version": "v1.0.0",
            "source": {
                "type": "git",
                "url": "https://github.com/dxw/phar-install.git",
                "reference": "7cdc3081296a1009393382ccb338461a747e5732"
            },
            "dist": {
                "type": "zip",
                "url": "https://api.github.com/repos/dxw/phar-install/zipball/7cdc3081296a1009393382ccb338461a747e5732",
                "reference": "7cdc3081296a1009393382ccb338461a747e5732",
                "shasum": ""
            },
            "bin": [
                "bin/phar-install"
            ],
            "type": "library",
            "notification-url": "https://packagist.org/downloads/",
            "license": [
                "MIT"
            ],
            "authors": [
                {
                    "name": "Tom Adams",
                    "email": "tom@dxw.com",
                    "homepage": "http://dxw.com"
                }
            ],
            "homepage": "https://github.com/dxw/phar-install",
            "time": "2016-02-17 13:55:06"
        }
    ],
    "aliases": [],
    "minimum-stability": "stable",
    "stability-flags": {
        "dxw/roots-composer": 20
    },
    "prefer-stable": false,
    "prefer-lowest": false,
    "platform": [],
    "platform-dev": []
}
